
Microsoft Visual Studio Solution File, Format Version 12.00
# Visual Studio Version 16
VisualStudioVersion = 16.0.30330.147
MinimumVisualStudioVersion = 10.0.40219.1
Project("{FAE04EC0-301F-11D3-BF4B-00C04F79EFBC}") = "oct22CarClassPracticeOleg", "oct22CarClassPracticeOleg\oct22CarClassPracticeOleg.csproj", "{BE9D94CD-E870-4A79-8CBF-836F60270CB1}"
EndProject
Global
	GlobalSection(SolutionConfigurationPlatforms) = preSolution
		Debug|Any CPU = Debug|Any CPU
		Release|Any CPU = Release|Any CPU
	EndGlobalSection
	GlobalSection(ProjectConfigurationPlatforms) = postSolution
		{BE9D94CD-E870-4A79-8CBF-836F60270CB1}.Debug|Any CPU.ActiveCfg = Debug|Any CPU
		{BE9D94CD-E870-4A79-8CBF-836F60270CB1}.Debug|Any CPU.Build.0 = Debug|Any CPU
		{BE9D94CD-E870-4A79-8CBF-836F60270CB1}.Release|Any CPU.ActiveCfg = Release|Any CPU
		{BE9D94CD-E870-4A79-8CBF-836F60270CB1}.Release|Any CPU.Build.0 = Release|Any CPU
	EndGlobalSection
	GlobalSection(SolutionProperties) = preSolution
		HideSolutionNode = FALSE
	EndGlobalSection
	GlobalSection(ExtensibilityGlobals) = postSolution
		SolutionGuid = {334A0AAD-6525-461A-964B-BE96D926C489}
	EndGlobalSection
EndGlobal
